
Microsoft Visual Studio Solution File, Format Version 12.00
# Visual Studio 15
VisualStudioVersion = 15.0.28010.2048
MinimumVisualStudioVersion = 10.0.40219.1
Project("{FAE04EC0-301F-11D3-BF4B-00C04F79EFBC}") = "AAA", "AAA\AAA.csproj", "{6F136D04-C43A-4726-A51B-A7AE5FAF2C56}"
EndProject
Global
	GlobalSection(SolutionConfigurationPlatforms) = preSolution
		Debug|Any CPU = Debug|Any CPU
		Release|Any CPU = Release|Any CPU
	EndGlobalSection
	GlobalSection(ProjectConfigurationPlatforms) = postSolution
		{6F136D04-C43A-4726-A51B-A7AE5FAF2C56}.Debug|Any CPU.ActiveCfg = Debug|Any CPU
		{6F136D04-C43A-4726-A51B-A7AE5FAF2C56}.Debug|Any CPU.Build.0 = Debug|Any CPU
		{6F136D04-C43A-4726-A51B-A7AE5FAF2C56}.Release|Any CPU.ActiveCfg = Release|Any CPU
		{6F136D04-C43A-4726-A51B-A7AE5FAF2C56}.Release|Any CPU.Build.0 = Release|Any CPU
	EndGlobalSection
	GlobalSection(SolutionProperties) = preSolution
		HideSolutionNode = FALSE
	EndGlobalSection
	GlobalSection(ExtensibilityGlobals) = postSolution
		SolutionGuid = {AA227A54-2450-4F8A-9606-1F5EEE64E1AC}
	EndGlobalSection
EndGlobal
