
Microsoft Visual Studio Solution File, Format Version 12.00
# Visual Studio 15
VisualStudioVersion = 15.0.28010.2046
MinimumVisualStudioVersion = 10.0.40219.1
Project("{2150E333-8FDC-42A3-9474-1A3956D46DE8}") = "src", "src", "{590BD988-D605-4479-8D39-A0A9DBDB2501}"
EndProject
Project("{2150E333-8FDC-42A3-9474-1A3956D46DE8}") = "DataAccessLayer", "DataAccessLayer", "{5C905084-9EB6-4F31-9925-29CEED333C8A}"
EndProject
Project("{2150E333-8FDC-42A3-9474-1A3956D46DE8}") = "BusinessLogicLayer", "BusinessLogicLayer", "{AC30014D-8968-49F2-BA67-E653E6A52ED9}"
EndProject
Project("{2150E333-8FDC-42A3-9474-1A3956D46DE8}") = "PresentationLayer", "PresentationLayer", "{38117A04-D25B-4510-A4A1-6708FE52D3E0}"
EndProject
Project("{2150E333-8FDC-42A3-9474-1A3956D46DE8}") = "tests", "tests", "{33B939A9-BF30-4FC3-A3FD-E5456840BDDF}"
EndProject
Project("{FAE04EC0-301F-11D3-BF4B-00C04F79EFBC}") = "ConsoleProjectForTests", "ConsoleProjectForTests\ConsoleProjectForTests.csproj", "{161EE37F-0263-490D-B3FD-72F8F2BACC6A}"
EndProject
Project("{FAE04EC0-301F-11D3-BF4B-00C04F79EFBC}") = "DataAccessLayer.Serialization", "DataAccessLayer.Serialization\DataAccessLayer.Serialization.csproj", "{2C446E23-1731-44B1-9153-1412BD0A8DFD}"
EndProject
Project("{FAE04EC0-301F-11D3-BF4B-00C04F79EFBC}") = "BusinessLogicLayer.Services", "BusinessLogicLayer.Services\BusinessLogicLayer.Services.csproj", "{4251BB6E-24B0-4F48-A60E-71B50C0991FC}"
EndProject
Project("{FAE04EC0-301F-11D3-BF4B-00C04F79EFBC}") = "BusinessLogicLayer.Entities", "BusinessLogicLayer.Entities\BusinessLogicLayer.Entities.csproj", "{216D9C84-BC4E-4B30-86EC-A3F14660DF7E}"
EndProject
Project("{FAE04EC0-301F-11D3-BF4B-00C04F79EFBC}") = "UserInterface", "UserInterface\UserInterface.csproj", "{D6790818-03B2-42D2-8BF0-015F58CD8BEE}"
EndProject
Project("{2150E333-8FDC-42A3-9474-1A3956D46DE8}") = "Storage", "Storage", "{AA4C3434-0924-4AA8-8B18-EAC94D470B5E}"
EndProject
Project("{2150E333-8FDC-42A3-9474-1A3956D46DE8}") = "Products", "Products", "{45C14986-E6A2-4B55-9DFF-078B62845C6E}"
	ProjectSection(SolutionItems) = preProject
		Products.bin = Products.bin
		Products.json = Products.json
		Products.xml = Products.xml
	EndProjectSection
EndProject
Project("{2150E333-8FDC-42A3-9474-1A3956D46DE8}") = "Students", "Students", "{CAAEB5FC-4234-4D3D-AF87-9784FEA384FC}"
	ProjectSection(SolutionItems) = preProject
		Students.bin = Students.bin
		Students.json = Students.json
		Students.xml = Students.xml
	EndProjectSection
EndProject
Global
	GlobalSection(SolutionConfigurationPlatforms) = preSolution
		Debug|Any CPU = Debug|Any CPU
		Release|Any CPU = Release|Any CPU
	EndGlobalSection
	GlobalSection(ProjectConfigurationPlatforms) = postSolution
		{161EE37F-0263-490D-B3FD-72F8F2BACC6A}.Debug|Any CPU.ActiveCfg = Debug|Any CPU
		{161EE37F-0263-490D-B3FD-72F8F2BACC6A}.Debug|Any CPU.Build.0 = Debug|Any CPU
		{161EE37F-0263-490D-B3FD-72F8F2BACC6A}.Release|Any CPU.ActiveCfg = Release|Any CPU
		{161EE37F-0263-490D-B3FD-72F8F2BACC6A}.Release|Any CPU.Build.0 = Release|Any CPU
		{2C446E23-1731-44B1-9153-1412BD0A8DFD}.Debug|Any CPU.ActiveCfg = Debug|Any CPU
		{2C446E23-1731-44B1-9153-1412BD0A8DFD}.Debug|Any CPU.Build.0 = Debug|Any CPU
		{2C446E23-1731-44B1-9153-1412BD0A8DFD}.Release|Any CPU.ActiveCfg = Release|Any CPU
		{2C446E23-1731-44B1-9153-1412BD0A8DFD}.Release|Any CPU.Build.0 = Release|Any CPU
		{4251BB6E-24B0-4F48-A60E-71B50C0991FC}.Debug|Any CPU.ActiveCfg = Debug|Any CPU
		{4251BB6E-24B0-4F48-A60E-71B50C0991FC}.Debug|Any CPU.Build.0 = Debug|Any CPU
		{4251BB6E-24B0-4F48-A60E-71B50C0991FC}.Release|Any CPU.ActiveCfg = Release|Any CPU
		{4251BB6E-24B0-4F48-A60E-71B50C0991FC}.Release|Any CPU.Build.0 = Release|Any CPU
		{216D9C84-BC4E-4B30-86EC-A3F14660DF7E}.Debug|Any CPU.ActiveCfg = Debug|Any CPU
		{216D9C84-BC4E-4B30-86EC-A3F14660DF7E}.Debug|Any CPU.Build.0 = Debug|Any CPU
		{216D9C84-BC4E-4B30-86EC-A3F14660DF7E}.Release|Any CPU.ActiveCfg = Release|Any CPU
		{216D9C84-BC4E-4B30-86EC-A3F14660DF7E}.Release|Any CPU.Build.0 = Release|Any CPU
		{D6790818-03B2-42D2-8BF0-015F58CD8BEE}.Debug|Any CPU.ActiveCfg = Debug|Any CPU
		{D6790818-03B2-42D2-8BF0-015F58CD8BEE}.Debug|Any CPU.Build.0 = Debug|Any CPU
		{D6790818-03B2-42D2-8BF0-015F58CD8BEE}.Release|Any CPU.ActiveCfg = Release|Any CPU
		{D6790818-03B2-42D2-8BF0-015F58CD8BEE}.Release|Any CPU.Build.0 = Release|Any CPU
	EndGlobalSection
	GlobalSection(SolutionProperties) = preSolution
		HideSolutionNode = FALSE
	EndGlobalSection
	GlobalSection(NestedProjects) = preSolution
		{5C905084-9EB6-4F31-9925-29CEED333C8A} = {590BD988-D605-4479-8D39-A0A9DBDB2501}
		{AC30014D-8968-49F2-BA67-E653E6A52ED9} = {590BD988-D605-4479-8D39-A0A9DBDB2501}
		{38117A04-D25B-4510-A4A1-6708FE52D3E0} = {590BD988-D605-4479-8D39-A0A9DBDB2501}
		{161EE37F-0263-490D-B3FD-72F8F2BACC6A} = {38117A04-D25B-4510-A4A1-6708FE52D3E0}
		{2C446E23-1731-44B1-9153-1412BD0A8DFD} = {5C905084-9EB6-4F31-9925-29CEED333C8A}
		{4251BB6E-24B0-4F48-A60E-71B50C0991FC} = {AC30014D-8968-49F2-BA67-E653E6A52ED9}
		{216D9C84-BC4E-4B30-86EC-A3F14660DF7E} = {AC30014D-8968-49F2-BA67-E653E6A52ED9}
		{D6790818-03B2-42D2-8BF0-015F58CD8BEE} = {38117A04-D25B-4510-A4A1-6708FE52D3E0}
		{45C14986-E6A2-4B55-9DFF-078B62845C6E} = {AA4C3434-0924-4AA8-8B18-EAC94D470B5E}
		{CAAEB5FC-4234-4D3D-AF87-9784FEA384FC} = {AA4C3434-0924-4AA8-8B18-EAC94D470B5E}
	EndGlobalSection
	GlobalSection(ExtensibilityGlobals) = postSolution
		SolutionGuid = {A7B0E5AE-EB05-48E4-9882-BE200DBA1732}
	EndGlobalSection
EndGlobal
